// !$*UTF8*$!
{
	archiveVersion = 1;
	classes = {
	};
	objectVersion = 77;
	objects = {

/* Begin PBXContainerItemProxy section */
		46A769EE2CDA4F17005F1D56 /* PBXContainerItemProxy */ = {
			isa = PBXContainerItemProxy;
			containerPortal = 46A769CF2CDA4F14005F1D56 /* Project object */;
			proxyType = 1;
			remoteGlobalIDString = 46A769D62CDA4F14005F1D56;
			remoteInfo = Environments;
		};
		46A769F82CDA4F17005F1D56 /* PBXContainerItemProxy */ = {
			isa = PBXContainerItemProxy;
			containerPortal = 46A769CF2CDA4F14005F1D56 /* Project object */;
			proxyType = 1;
			remoteGlobalIDString = 46A769D62CDA4F14005F1D56;
			remoteInfo = Environments;
		};
/* End PBXContainerItemProxy section */

/* Begin PBXFileReference section */
		46A769D72CDA4F14005F1D56 /* Environments.app */ = {isa = PBXFileReference; explicitFileType = wrapper.application; includeInIndex = 0; path = Environments.app; sourceTree = BUILT_PRODUCTS_DIR; };
		46A769ED2CDA4F17005F1D56 /* EnvironmentsTests.xctest */ = {isa = PBXFileReference; explicitFileType = wrapper.cfbundle; includeInIndex = 0; path = EnvironmentsTests.xctest; sourceTree = BUILT_PRODUCTS_DIR; };
		46A769F72CDA4F17005F1D56 /* EnvironmentsUITests.xctest */ = {isa = PBXFileReference; explicitFileType = wrapper.cfbundle; includeInIndex = 0; path = EnvironmentsUITests.xctest; sourceTree = BUILT_PRODUCTS_DIR; };
/* End PBXFileReference section */

/* Begin PBXFileSystemSynchronizedBuildFileExceptionSet section */
		46A769FF2CDA4F17005F1D56 /* Exceptions for "Environments" folder in "Environments" target */ = {
			isa = PBXFileSystemSynchronizedBuildFileExceptionSet;
			membershipExceptions = (
				Info.plist,
			);
			target = 46A769D62CDA4F14005F1D56 /* Environments */;
		};
/* End PBXFileSystemSynchronizedBuildFileExceptionSet section */

/* Begin PBXFileSystemSynchronizedRootGroup section */
		46A769D92CDA4F14005F1D56 /* Environments */ = {
			isa = PBXFileSystemSynchronizedRootGroup;
			exceptions = (
				46A769FF2CDA4F17005F1D56 /* Exceptions for "Environments" folder in "Environments" target */,
			);
			path = Environments;
			sourceTree = "<group>";
		};
		46A769F02CDA4F17005F1D56 /* EnvironmentsTests */ = {
			isa = PBXFileSystemSynchronizedRootGroup;
			path = EnvironmentsTests;
			sourceTree = "<group>";
		};
		46A769FA2CDA4F17005F1D56 /* EnvironmentsUITests */ = {
			isa = PBXFileSystemSynchronizedRootGroup;
			path = EnvironmentsUITests;
			sourceTree = "<group>";
		};
/* End PBXFileSystemSynchronizedRootGroup section */

/* Begin PBXFrameworksBuildPhase section */
		46A769D42CDA4F14005F1D56 /* Frameworks */ = {
			isa = PBXFrameworksBuildPhase;
			buildActionMask = 2147483647;
			files = (
			);
			runOnlyForDeploymentPostprocessing = 0;
		};
		46A769EA2CDA4F17005F1D56 /* Frameworks */ = {
			isa = PBXFrameworksBuildPhase;
			buildActionMask = 2147483647;
			files = (
			);
			runOnlyForDeploymentPostprocessing = 0;
		};
		46A769F42CDA4F17005F1D56 /* Frameworks */ = {
			isa = PBXFrameworksBuildPhase;
			buildActionMask = 2147483647;
			files = (
			);
			runOnlyForDeploymentPostprocessing = 0;
		};
/* End PBXFrameworksBuildPhase section */

/* Begin PBXGroup section */
		46A769CE2CDA4F14005F1D56 = {
			isa = PBXGroup;
			children = (
				46A769D92CDA4F14005F1D56 /* Environments */,
				46A769F02CDA4F17005F1D56 /* EnvironmentsTests */,
				46A769FA2CDA4F17005F1D56 /* EnvironmentsUITests */,
				46A769D82CDA4F14005F1D56 /* Products */,
			);
			sourceTree = "<group>";
		};
		46A769D82CDA4F14005F1D56 /* Products */ = {
			isa = PBXGroup;
			children = (
				46A769D72CDA4F14005F1D56 /* Environments.app */,
				46A769ED2CDA4F17005F1D56 /* EnvironmentsTests.xctest */,
				46A769F72CDA4F17005F1D56 /* EnvironmentsUITests.xctest */,
			);
			name = Products;
			sourceTree = "<group>";
		};
/* End PBXGroup section */

/* Begin PBXNativeTarget section */
		46A769D62CDA4F14005F1D56 /* Environments */ = {
			isa = PBXNativeTarget;
			buildConfigurationList = 46A76A002CDA4F17005F1D56 /* Build configuration list for PBXNativeTarget "Environments" */;
			buildPhases = (
				46A769D32CDA4F14005F1D56 /* Sources */,
				46A769D42CDA4F14005F1D56 /* Frameworks */,
				46A769D52CDA4F14005F1D56 /* Resources */,
			);
			buildRules = (
			);
			dependencies = (
			);
			fileSystemSynchronizedGroups = (
				46A769D92CDA4F14005F1D56 /* Environments */,
			);
			name = Environments;
			packageProductDependencies = (
			);
			productName = Environments;
			productReference = 46A769D72CDA4F14005F1D56 /* Environments.app */;
			productType = "com.apple.product-type.application";
		};
		46A769EC2CDA4F17005F1D56 /* EnvironmentsTests */ = {
			isa = PBXNativeTarget;
			buildConfigurationList = 46A76A052CDA4F17005F1D56 /* Build configuration list for PBXNativeTarget "EnvironmentsTests" */;
			buildPhases = (
				46A769E92CDA4F17005F1D56 /* Sources */,
				46A769EA2CDA4F17005F1D56 /* Frameworks */,
				46A769EB2CDA4F17005F1D56 /* Resources */,
			);
			buildRules = (
			);
			dependencies = (
				46A769EF2CDA4F17005F1D56 /* PBXTargetDependency */,
			);
			fileSystemSynchronizedGroups = (
				46A769F02CDA4F17005F1D56 /* EnvironmentsTests */,
			);
			name = EnvironmentsTests;
			packageProductDependencies = (
			);
			productName = EnvironmentsTests;
			productReference = 46A769ED2CDA4F17005F1D56 /* EnvironmentsTests.xctest */;
			productType = "com.apple.product-type.bundle.unit-test";
		};
		46A769F62CDA4F17005F1D56 /* EnvironmentsUITests */ = {
			isa = PBXNativeTarget;
			buildConfigurationList = 46A76A082CDA4F17005F1D56 /* Build configuration list for PBXNativeTarget "EnvironmentsUITests" */;
			buildPhases = (
				46A769F32CDA4F17005F1D56 /* Sources */,
				46A769F42CDA4F17005F1D56 /* Frameworks */,
				46A769F52CDA4F17005F1D56 /* Resources */,
			);
			buildRules = (
			);
			dependencies = (
				46A769F92CDA4F17005F1D56 /* PBXTargetDependency */,
			);
			fileSystemSynchronizedGroups = (
				46A769FA2CDA4F17005F1D56 /* EnvironmentsUITests */,
			);
			name = EnvironmentsUITests;
			packageProductDependencies = (
			);
			productName = EnvironmentsUITests;
			productReference = 46A769F72CDA4F17005F1D56 /* EnvironmentsUITests.xctest */;
			productType = "com.apple.product-type.bundle.ui-testing";
		};
/* End PBXNativeTarget section */

/* Begin PBXProject section */
		46A769CF2CDA4F14005F1D56 /* Project object */ = {
			isa = PBXProject;
			attributes = {
				BuildIndependentTargetsInParallel = 1;
				LastSwiftUpdateCheck = 1600;
				LastUpgradeCheck = 1600;
				TargetAttributes = {
					46A769D62CDA4F14005F1D56 = {
						CreatedOnToolsVersion = 16.0;
					};
					46A769EC2CDA4F17005F1D56 = {
						CreatedOnToolsVersion = 16.0;
						TestTargetID = 46A769D62CDA4F14005F1D56;
					};
					46A769F62CDA4F17005F1D56 = {
						CreatedOnToolsVersion = 16.0;
						TestTargetID = 46A769D62CDA4F14005F1D56;
					};
				};
			};
			buildConfigurationList = 46A769D22CDA4F14005F1D56 /* Build configuration list for PBXProject "Environments" */;
			developmentRegion = en;
			hasScannedForEncodings = 0;
			knownRegions = (
				en,
				Base,
			);
			mainGroup = 46A769CE2CDA4F14005F1D56;
			minimizedProjectReferenceProxies = 1;
			preferredProjectObjectVersion = 77;
			productRefGroup = 46A769D82CDA4F14005F1D56 /* Products */;
			projectDirPath = "";
			projectRoot = "";
			targets = (
				46A769D62CDA4F14005F1D56 /* Environments */,
				46A769EC2CDA4F17005F1D56 /* EnvironmentsTests */,
				46A769F62CDA4F17005F1D56 /* EnvironmentsUITests */,
			);
		};
/* End PBXProject section */

/* Begin PBXResourcesBuildPhase section */
		46A769D52CDA4F14005F1D56 /* Resources */ = {
			isa = PBXResourcesBuildPhase;
			buildActionMask = 2147483647;
			files = (
			);
			runOnlyForDeploymentPostprocessing = 0;
		};
		46A769EB2CDA4F17005F1D56 /* Resources */ = {
			isa = PBXResourcesBuildPhase;
			buildActionMask = 2147483647;
			files = (
			);
			runOnlyForDeploymentPostprocessing = 0;
		};
		46A769F52CDA4F17005F1D56 /* Resources */ = {
			isa = PBXResourcesBuildPhase;
			buildActionMask = 2147483647;
			files = (
			);
			runOnlyForDeploymentPostprocessing = 0;
		};
/* End PBXResourcesBuildPhase section */

/* Begin PBXSourcesBuildPhase section */
		46A769D32CDA4F14005F1D56 /* Sources */ = {
			isa = PBXSourcesBuildPhase;
			buildActionMask = 2147483647;
			files = (
			);
			runOnlyForDeploymentPostprocessing = 0;
		};
		46A769E92CDA4F17005F1D56 /* Sources */ = {
			isa = PBXSourcesBuildPhase;
			buildActionMask = 2147483647;
			files = (
			);
			runOnlyForDeploymentPostprocessing = 0;
		};
		46A769F32CDA4F17005F1D56 /* Sources */ = {
			isa = PBXSourcesBuildPhase;
			buildActionMask = 2147483647;
			files = (
			);
			runOnlyForDeploymentPostprocessing = 0;
		};
/* End PBXSourcesBuildPhase section */

/* Begin PBXTargetDependency section */
		46A769EF2CDA4F17005F1D56 /* PBXTargetDependency */ = {
			isa = PBXTargetDependency;
			target = 46A769D62CDA4F14005F1D56 /* Environments */;
			targetProxy = 46A769EE2CDA4F17005F1D56 /* PBXContainerItemProxy */;
		};
		46A769F92CDA4F17005F1D56 /* PBXTargetDependency */ = {
			isa = PBXTargetDependency;
			target = 46A769D62CDA4F14005F1D56 /* Environments */;
			targetProxy = 46A769F82CDA4F17005F1D56 /* PBXContainerItemProxy */;
		};
/* End PBXTargetDependency section */

/* Begin XCBuildConfiguration section */
		46A76A012CDA4F17005F1D56 /* Debug */ = {
			isa = XCBuildConfiguration;
			buildSettings = {
				ASSETCATALOG_COMPILER_APPICON_NAME = AppIcon;
				ASSETCATALOG_COMPILER_GLOBAL_ACCENT_COLOR_NAME = AccentColor;
				CODE_SIGN_STYLE = Automatic;
				CURRENT_PROJECT_VERSION = 1;
				GENERATE_INFOPLIST_FILE = YES;
				INFOPLIST_FILE = Environments/Info.plist;
				INFOPLIST_KEY_UIApplicationSupportsIndirectInputEvents = YES;
				INFOPLIST_KEY_UILaunchStoryboardName = LaunchScreen;
				INFOPLIST_KEY_UISupportedInterfaceOrientations_iPad = "UIInterfaceOrientationPortrait UIInterfaceOrientationPortraitUpsideDown UIInterfaceOrientationLandscapeLeft UIInterfaceOrientationLandscapeRight";
				INFOPLIST_KEY_UISupportedInterfaceOrientations_iPhone = "UIInterfaceOrientationPortrait UIInterfaceOrientationLandscapeLeft UIInterfaceOrientationLandscapeRight";
				IPHONEOS_DEPLOYMENT_TARGET = 13.0;
				LD_RUNPATH_SEARCH_PATHS = (
					"$(inherited)",
					"@executable_path/Frameworks",
				);
				MARKETING_VERSION = 1.0;
				PRODUCT_BUNDLE_IDENTIFIER = baegteun.Environments;
				PRODUCT_NAME = "$(TARGET_NAME)";
				SWIFT_EMIT_LOC_STRINGS = YES;
				SWIFT_VERSION = 6.0;
				TARGETED_DEVICE_FAMILY = "1,2";
			};
			name = Debug;
		};
		46A76A022CDA4F17005F1D56 /* Release */ = {
			isa = XCBuildConfiguration;
			buildSettings = {
				ASSETCATALOG_COMPILER_APPICON_NAME = AppIcon;
				ASSETCATALOG_COMPILER_GLOBAL_ACCENT_COLOR_NAME = AccentColor;
				CODE_SIGN_STYLE = Automatic;
				CURRENT_PROJECT_VERSION = 1;
				GENERATE_INFOPLIST_FILE = YES;
				INFOPLIST_FILE = Environments/Info.plist;
				INFOPLIST_KEY_UIApplicationSupportsIndirectInputEvents = YES;
				INFOPLIST_KEY_UILaunchStoryboardName = LaunchScreen;
				INFOPLIST_KEY_UISupportedInterfaceOrientations_iPad = "UIInterfaceOrientationPortrait UIInterfaceOrientationPortraitUpsideDown UIInterfaceOrientationLandscapeLeft UIInterfaceOrientationLandscapeRight";
				INFOPLIST_KEY_UISupportedInterfaceOrientations_iPhone = "UIInterfaceOrientationPortrait UIInterfaceOrientationLandscapeLeft UIInterfaceOrientationLandscapeRight";
				IPHONEOS_DEPLOYMENT_TARGET = 13.0;
				LD_RUNPATH_SEARCH_PATHS = (
					"$(inherited)",
					"@executable_path/Frameworks",
				);
				MARKETING_VERSION = 1.0;
				PRODUCT_BUNDLE_IDENTIFIER = baegteun.Environments;
				PRODUCT_NAME = "$(TARGET_NAME)";
				SWIFT_EMIT_LOC_STRINGS = YES;
				SWIFT_VERSION = 6.0;
				TARGETED_DEVICE_FAMILY = "1,2";
			};
			name = Release;
		};
		46A76A032CDA4F17005F1D56 /* Debug */ = {
			isa = XCBuildConfiguration;
			buildSettings = {
				ALWAYS_SEARCH_USER_PATHS = NO;
				ASSETCATALOG_COMPILER_GENERATE_SWIFT_ASSET_SYMBOL_EXTENSIONS = YES;
				CLANG_ANALYZER_NONNULL = YES;
				CLANG_ANALYZER_NUMBER_OBJECT_CONVERSION = YES_AGGRESSIVE;
				CLANG_CXX_LANGUAGE_STANDARD = "gnu++20";
				CLANG_ENABLE_MODULES = YES;
				CLANG_ENABLE_OBJC_ARC = YES;
				CLANG_ENABLE_OBJC_WEAK = YES;
				CLANG_WARN_BLOCK_CAPTURE_AUTORELEASING = YES;
				CLANG_WARN_BOOL_CONVERSION = YES;
				CLANG_WARN_COMMA = YES;
				CLANG_WARN_CONSTANT_CONVERSION = YES;
				CLANG_WARN_DEPRECATED_OBJC_IMPLEMENTATIONS = YES;
				CLANG_WARN_DIRECT_OBJC_ISA_USAGE = YES_ERROR;
				CLANG_WARN_DOCUMENTATION_COMMENTS = YES;
				CLANG_WARN_EMPTY_BODY = YES;
				CLANG_WARN_ENUM_CONVERSION = YES;
				CLANG_WARN_INFINITE_RECURSION = YES;
				CLANG_WARN_INT_CONVERSION = YES;
				CLANG_WARN_NON_LITERAL_NULL_CONVERSION = YES;
				CLANG_WARN_OBJC_IMPLICIT_RETAIN_SELF = YES;
				CLANG_WARN_OBJC_LITERAL_CONVERSION = YES;
				CLANG_WARN_OBJC_ROOT_CLASS = YES_ERROR;
				CLANG_WARN_QUOTED_INCLUDE_IN_FRAMEWORK_HEADER = YES;
				CLANG_WARN_RANGE_LOOP_ANALYSIS = YES;
				CLANG_WARN_STRICT_PROTOTYPES = YES;
				CLANG_WARN_SUSPICIOUS_MOVE = YES;
				CLANG_WARN_UNGUARDED_AVAILABILITY = YES_AGGRESSIVE;
				CLANG_WARN_UNREACHABLE_CODE = YES;
				CLANG_WARN__DUPLICATE_METHOD_MATCH = YES;
				COPY_PHASE_STRIP = NO;
				DEBUG_INFORMATION_FORMAT = dwarf;
				ENABLE_STRICT_OBJC_MSGSEND = YES;
				ENABLE_TESTABILITY = YES;
				ENABLE_USER_SCRIPT_SANDBOXING = YES;
				GCC_C_LANGUAGE_STANDARD = gnu17;
				GCC_DYNAMIC_NO_PIC = NO;
				GCC_NO_COMMON_BLOCKS = YES;
				GCC_OPTIMIZATION_LEVEL = 0;
				GCC_PREPROCESSOR_DEFINITIONS = (
					"DEBUG=1",
					"$(inherited)",
				);
				GCC_WARN_64_TO_32_BIT_CONVERSION = YES;
				GCC_WARN_ABOUT_RETURN_TYPE = YES_ERROR;
				GCC_WARN_UNDECLARED_SELECTOR = YES;
				GCC_WARN_UNINITIALIZED_AUTOS = YES_AGGRESSIVE;
				GCC_WARN_UNUSED_FUNCTION = YES;
				GCC_WARN_UNUSED_VARIABLE = YES;
				IPHONEOS_DEPLOYMENT_TARGET = 18.0;
				LOCALIZATION_PREFERS_STRING_CATALOGS = YES;
				MTL_ENABLE_DEBUG_INFO = INCLUDE_SOURCE;
				MTL_FAST_MATH = YES;
				ONLY_ACTIVE_ARCH = YES;
				SDKROOT = iphoneos;
				SWIFT_ACTIVE_COMPILATION_CONDITIONS = "DEBUG $(inherited)";
				SWIFT_OPTIMIZATION_LEVEL = "-Onone";
			};
			name = Debug;
		};
		46A76A042CDA4F17005F1D56 /* Release */ = {
			isa = XCBuildConfiguration;
			buildSettings = {
				ALWAYS_SEARCH_USER_PATHS = NO;
				ASSETCATALOG_COMPILER_GENERATE_SWIFT_ASSET_SYMBOL_EXTENSIONS = YES;
				CLANG_ANALYZER_NONNULL = YES;
				CLANG_ANALYZER_NUMBER_OBJECT_CONVERSION = YES_AGGRESSIVE;
				CLANG_CXX_LANGUAGE_STANDARD = "gnu++20";
				CLANG_ENABLE_MODULES = YES;
				CLANG_ENABLE_OBJC_ARC = YES;
				CLANG_ENABLE_OBJC_WEAK = YES;
				CLANG_WARN_BLOCK_CAPTURE_AUTORELEASING = YES;
				CLANG_WARN_BOOL_CONVERSION = YES;
				CLANG_WARN_COMMA = YES;
				CLANG_WARN_CONSTANT_CONVERSION = YES;
				CLANG_WARN_DEPRECATED_OBJC_IMPLEMENTATIONS = YES;
				CLANG_WARN_DIRECT_OBJC_ISA_USAGE = YES_ERROR;
				CLANG_WARN_DOCUMENTATION_COMMENTS = YES;
				CLANG_WARN_EMPTY_BODY = YES;
				CLANG_WARN_ENUM_CONVERSION = YES;
				CLANG_WARN_INFINITE_RECURSION = YES;
				CLANG_WARN_INT_CONVERSION = YES;
				CLANG_WARN_NON_LITERAL_NULL_CONVERSION = YES;
				CLANG_WARN_OBJC_IMPLICIT_RETAIN_SELF = YES;
				CLANG_WARN_OBJC_LITERAL_CONVERSION = YES;
				CLANG_WARN_OBJC_ROOT_CLASS = YES_ERROR;
				CLANG_WARN_QUOTED_INCLUDE_IN_FRAMEWORK_HEADER = YES;
				CLANG_WARN_RANGE_LOOP_ANALYSIS = YES;
				CLANG_WARN_STRICT_PROTOTYPES = YES;
				CLANG_WARN_SUSPICIOUS_MOVE = YES;
				CLANG_WARN_UNGUARDED_AVAILABILITY = YES_AGGRESSIVE;
				CLANG_WARN_UNREACHABLE_CODE = YES;
				CLANG_WARN__DUPLICATE_METHOD_MATCH = YES;
				COPY_PHASE_STRIP = NO;
				DEBUG_INFORMATION_FORMAT = "dwarf-with-dsym";
				ENABLE_NS_ASSERTIONS = NO;
				ENABLE_STRICT_OBJC_MSGSEND = YES;
				ENABLE_USER_SCRIPT_SANDBOXING = YES;
				GCC_C_LANGUAGE_STANDARD = gnu17;
				GCC_NO_COMMON_BLOCKS = YES;
				GCC_WARN_64_TO_32_BIT_CONVERSION = YES;
				GCC_WARN_ABOUT_RETURN_TYPE = YES_ERROR;
				GCC_WARN_UNDECLARED_SELECTOR = YES;
				GCC_WARN_UNINITIALIZED_AUTOS = YES_AGGRESSIVE;
				GCC_WARN_UNUSED_FUNCTION = YES;
				GCC_WARN_UNUSED_VARIABLE = YES;
				IPHONEOS_DEPLOYMENT_TARGET = 18.0;
				LOCALIZATION_PREFERS_STRING_CATALOGS = YES;
				MTL_ENABLE_DEBUG_INFO = NO;
				MTL_FAST_MATH = YES;
				SDKROOT = iphoneos;
				SWIFT_COMPILATION_MODE = wholemodule;
				VALIDATE_PRODUCT = YES;
			};
			name = Release;
		};
		46A76A062CDA4F17005F1D56 /* Debug */ = {
			isa = XCBuildConfiguration;
			buildSettings = {
				BUNDLE_LOADER = "$(TEST_HOST)";
				CODE_SIGN_STYLE = Automatic;
				CURRENT_PROJECT_VERSION = 1;
				GENERATE_INFOPLIST_FILE = YES;
				IPHONEOS_DEPLOYMENT_TARGET = 18.0;
				MARKETING_VERSION = 1.0;
				PRODUCT_BUNDLE_IDENTIFIER = baegteun.EnvironmentsTests;
				PRODUCT_NAME = "$(TARGET_NAME)";
				SWIFT_EMIT_LOC_STRINGS = NO;
				SWIFT_VERSION = 5.0;
				TARGETED_DEVICE_FAMILY = "1,2";
				TEST_HOST = "$(BUILT_PRODUCTS_DIR)/Environments.app/$(BUNDLE_EXECUTABLE_FOLDER_PATH)/Environments";
			};
			name = Debug;
		};
		46A76A072CDA4F17005F1D56 /* Release */ = {
			isa = XCBuildConfiguration;
			buildSettings = {
				BUNDLE_LOADER = "$(TEST_HOST)";
				CODE_SIGN_STYLE = Automatic;
				CURRENT_PROJECT_VERSION = 1;
				GENERATE_INFOPLIST_FILE = YES;
				IPHONEOS_DEPLOYMENT_TARGET = 18.0;
				MARKETING_VERSION = 1.0;
				PRODUCT_BUNDLE_IDENTIFIER = baegteun.EnvironmentsTests;
				PRODUCT_NAME = "$(TARGET_NAME)";
				SWIFT_EMIT_LOC_STRINGS = NO;
				SWIFT_VERSION = 5.0;
				TARGETED_DEVICE_FAMILY = "1,2";
				TEST_HOST = "$(BUILT_PRODUCTS_DIR)/Environments.app/$(BUNDLE_EXECUTABLE_FOLDER_PATH)/Environments";
			};
			name = Release;
		};
		46A76A092CDA4F17005F1D56 /* Debug */ = {
			isa = XCBuildConfiguration;
			buildSettings = {
				CODE_SIGN_STYLE = Automatic;
				CURRENT_PROJECT_VERSION = 1;
				GENERATE_INFOPLIST_FILE = YES;
				MARKETING_VERSION = 1.0;
				PRODUCT_BUNDLE_IDENTIFIER = baegteun.EnvironmentsUITests;
				PRODUCT_NAME = "$(TARGET_NAME)";
				SWIFT_EMIT_LOC_STRINGS = NO;
				SWIFT_VERSION = 5.0;
				TARGETED_DEVICE_FAMILY = "1,2";
				TEST_TARGET_NAME = Environments;
			};
			name = Debug;
		};
		46A76A0A2CDA4F17005F1D56 /* Release */ = {
			isa = XCBuildConfiguration;
			buildSettings = {
				CODE_SIGN_STYLE = Automatic;
				CURRENT_PROJECT_VERSION = 1;
				GENERATE_INFOPLIST_FILE = YES;
				MARKETING_VERSION = 1.0;
				PRODUCT_BUNDLE_IDENTIFIER = baegteun.EnvironmentsUITests;
				PRODUCT_NAME = "$(TARGET_NAME)";
				SWIFT_EMIT_LOC_STRINGS = NO;
				SWIFT_VERSION = 5.0;
				TARGETED_DEVICE_FAMILY = "1,2";
				TEST_TARGET_NAME = Environments;
			};
			name = Release;
		};
/* End XCBuildConfiguration section */

/* Begin XCConfigurationList section */
		46A769D22CDA4F14005F1D56 /* Build configuration list for PBXProject "Environments" */ = {
			isa = XCConfigurationList;
			buildConfigurations = (
				46A76A032CDA4F17005F1D56 /* Debug */,
				46A76A042CDA4F17005F1D56 /* Release */,
			);
			defaultConfigurationIsVisible = 0;
			defaultConfigurationName = Release;
		};
		46A76A002CDA4F17005F1D56 /* Build configuration list for PBXNativeTarget "Environments" */ = {
			isa = XCConfigurationList;
			buildConfigurations = (
				46A76A012CDA4F17005F1D56 /* Debug */,
				46A76A022CDA4F17005F1D56 /* Release */,
			);
			defaultConfigurationIsVisible = 0;
			defaultConfigurationName = Release;
		};
		46A76A052CDA4F17005F1D56 /* Build configuration list for PBXNativeTarget "EnvironmentsTests" */ = {
			isa = XCConfigurationList;
			buildConfigurations = (
				46A76A062CDA4F17005F1D56 /* Debug */,
				46A76A072CDA4F17005F1D56 /* Release */,
			);
			defaultConfigurationIsVisible = 0;
			defaultConfigurationName = Release;
		};
		46A76A082CDA4F17005F1D56 /* Build configuration list for PBXNativeTarget "EnvironmentsUITests" */ = {
			isa = XCConfigurationList;
			buildConfigurations = (
				46A76A092CDA4F17005F1D56 /* Debug */,
				46A76A0A2CDA4F17005F1D56 /* Release */,
			);
			defaultConfigurationIsVisible = 0;
			defaultConfigurationName = Release;
		};
/* End XCConfigurationList section */
	};
	rootObject = 46A769CF2CDA4F14005F1D56 /* Project object */;
}
